<?xml version="1.0" encoding="utf-8"?>
<Project ToolsVersion="4.0" xmlns="http://schemas.microsoft.com/developer/msbuild/2003">
  <ItemGroup>
    <Filter Include="Source Files">
      <UniqueIdentifier>{4FC737F1-C7A5-4376-A066-2A32D752A2FF}</UniqueIdentifier>
      <Extensions>cpp;c;cc;cxx;c++;cppm;ixx;def;odl;idl;hpj;bat;asm;asmx</Extensions>
    </Filter>
    <Filter Include="Header Files">
      <UniqueIdentifier>{93995380-89BD-4b04-88EB-625FBE52EBFB}</UniqueIdentifier>
      <Extensions>h;hh;hpp;hxx;h++;hm;inl;inc;ipp;xsd</Extensions>
    </Filter>
    <Filter Include="Resource Files">
      <UniqueIdentifier>{67DA6AB6-F800-4c08-8B7A-83BB121AAD01}</UniqueIdentifier>
      <Extensions>rc;ico;cur;bmp;dlg;rc2;rct;bin;rgs;gif;jpg;jpeg;jpe;resx;tiff;tif;png;wav;mfcribbon-ms</Extensions>
    </Filter>
  </ItemGroup>
  <ItemGroup>
    <ClCompile Include="Dilithium_test.cpp">
      <Filter>Source Files</Filter>
    </ClCompile>
    <ClCompile Include="dilithium5-AES-R\aes256ctr.c">
      <Filter>Source Files</Filter>
    </ClCompile>
    <ClCompile Include="dilithium5-AES-R\fips202.c">
      <Filter>Source Files</Filter>
    </ClCompile>
    <ClCompile Include="dilithium5-AES-R\ntt.c">
      <Filter>Source Files</Filter>
    </ClCompile>
    <ClCompile Include="dilithium5-AES-R\packing.c">
      <Filter>Source Files</Filter>
    </ClCompile>
    <ClCompile Include="dilithium5-AES-R\poly.c">
      <Filter>Source Files</Filter>
    </ClCompile>
    <ClCompile Include="dilithium5-AES-R\polyvec.c">
      <Filter>Source Files</Filter>
    </ClCompile>
    <ClCompile Include="dilithium5-AES-R\randombytes.c">
      <Filter>Source Files</Filter>
    </ClCompile>
    <ClCompile Include="dilithium5-AES-R\reduce.c">
      <Filter>Source Files</Filter>
    </ClCompile>
    <ClCompile Include="dilithium5-AES-R\rounding.c">
      <Filter>Source Files</Filter>
    </ClCompile>
    <ClCompile Include="dilithium5-AES-R\sign.c">
      <Filter>Source Files</Filter>
    </ClCompile>
    <ClCompile Include="dilithium5-AES-R\symmetric-aes.c">
      <Filter>Source Files</Filter>
    </ClCompile>
    <ClCompile Include="dilithium5-AES-R\symmetric-shake.c">
      <Filter>Source Files</Filter>
    </ClCompile>
    <ClCompile Include="dilithium5-AES-R\dilithium_keys.c">
      <Filter>Source Files</Filter>
    </ClCompile>
    <ClCompile Include="debug_log.c">
      <Filter>Source Files</Filter>
    </ClCompile>
    <ClCompile Include="dilithium5-AES-R\const_y.c">
      <Filter>Source Files</Filter>
    </ClCompile>
  </ItemGroup>
  <ItemGroup>
    <ClInclude Include="dilithium5-AES-R\aes256ctr.h">
      <Filter>Header Files</Filter>
    </ClInclude>
    <ClInclude Include="dilithium5-AES-R\api.h">
      <Filter>Header Files</Filter>
    </ClInclude>
    <ClInclude Include="dilithium5-AES-R\config.h">
      <Filter>Header Files</Filter>
    </ClInclude>
    <ClInclude Include="dilithium5-AES-R\fips202.h">
      <Filter>Header Files</Filter>
    </ClInclude>
    <ClInclude Include="dilithium5-AES-R\ntt.h">
      <Filter>Header Files</Filter>
    </ClInclude>
    <ClInclude Include="dilithium5-AES-R\packing.h">
      <Filter>Header Files</Filter>
    </ClInclude>
    <ClInclude Include="dilithium5-AES-R\params.h">
      <Filter>Header Files</Filter>
    </ClInclude>
    <ClInclude Include="dilithium5-AES-R\poly.h">
      <Filter>Header Files</Filter>
    </ClInclude>
    <ClInclude Include="dilithium5-AES-R\polyvec.h">
      <Filter>Header Files</Filter>
    </ClInclude>
    <ClInclude Include="dilithium5-AES-R\randombytes.h">
      <Filter>Header Files</Filter>
    </ClInclude>
    <ClInclude Include="dilithium5-AES-R\reduce.h">
      <Filter>Header Files</Filter>
    </ClInclude>
    <ClInclude Include="dilithium5-AES-R\rounding.h">
      <Filter>Header Files</Filter>
    </ClInclude>
    <ClInclude Include="dilithium5-AES-R\sign.h">
      <Filter>Header Files</Filter>
    </ClInclude>
    <ClInclude Include="dilithium5-AES-R\symmetric.h">
      <Filter>Header Files</Filter>
    </ClInclude>
    <ClInclude Include="dilithium5-AES-R\dilithium_keys.h">
      <Filter>Header Files</Filter>
    </ClInclude>
    <ClInclude Include="debug_log.h">
      <Filter>Header Files</Filter>
    </ClInclude>
    <ClInclude Include="dilithium5-AES-R\const_y.h">
      <Filter>Header Files</Filter>
    </ClInclude>
  </ItemGroup>
</Project>